
Microsoft Visual Studio Solution File, Format Version 12.00
# Visual Studio 14
VisualStudioVersion = 14.0.25123.0
MinimumVisualStudioVersion = 10.0.40219.1
Project("{2150E333-8FDC-42A3-9474-1A3956D46DE8}") = "Presentacion", "Presentacion", "{2405D81F-437E-408B-915A-9123E2ACDBB8}"
EndProject
Project("{2150E333-8FDC-42A3-9474-1A3956D46DE8}") = "Entidades", "Entidades", "{A8785EFE-B318-4AB2-93D4-D73AA57AD049}"
EndProject
Project("{2150E333-8FDC-42A3-9474-1A3956D46DE8}") = "Datos", "Datos", "{7B04EF11-9CF5-4E15-9761-E26FC6FE7479}"
EndProject
Project("{FAE04EC0-301F-11D3-BF4B-00C04F79EFBC}") = "TP2.Datos.EF", "TP2.Datos.EF\TP2.Datos.EF.csproj", "{114B1B11-C88D-4113-95E3-AC924DA67445}"
EndProject
Project("{FAE04EC0-301F-11D3-BF4B-00C04F79EFBC}") = "TP2.Entidades.EF", "TP2.Entidades.EF\TP2.Entidades.EF.csproj", "{DB0BB890-836C-43EB-9670-14E265AA0617}"
EndProject
Project("{2150E333-8FDC-42A3-9474-1A3956D46DE8}") = "Logica de Negocio", "Logica de Negocio", "{77B9BF70-67DF-49F7-96E4-9565F851E7D3}"
EndProject
Project("{FAE04EC0-301F-11D3-BF4B-00C04F79EFBC}") = "TP2.Negocio", "TP2.Negocio\TP2.Negocio.csproj", "{9462129B-4F33-44C5-A91D-049586421D7A}"
EndProject
Project("{FAE04EC0-301F-11D3-BF4B-00C04F79EFBC}") = "TP2.Web", "TP2.Web\TP2.Web.csproj", "{C7B4E2DC-898A-49A6-8AC6-8A073BA1843F}"
EndProject
Project("{2150E333-8FDC-42A3-9474-1A3956D46DE8}") = "TP2.Test", "TP2.Test", "{83B4D695-054D-4913-8726-EE1FD8786507}"
EndProject
Project("{FAE04EC0-301F-11D3-BF4B-00C04F79EFBC}") = "TP2.Test", "TP2.Test\TP2.Test.csproj", "{45251D57-82CE-41B6-BB3F-AD04366F17C2}"
EndProject
Global
	GlobalSection(SolutionConfigurationPlatforms) = preSolution
		Debug|Any CPU = Debug|Any CPU
		Release|Any CPU = Release|Any CPU
	EndGlobalSection
	GlobalSection(ProjectConfigurationPlatforms) = postSolution
		{114B1B11-C88D-4113-95E3-AC924DA67445}.Debug|Any CPU.ActiveCfg = Debug|Any CPU
		{114B1B11-C88D-4113-95E3-AC924DA67445}.Debug|Any CPU.Build.0 = Debug|Any CPU
		{114B1B11-C88D-4113-95E3-AC924DA67445}.Release|Any CPU.ActiveCfg = Release|Any CPU
		{114B1B11-C88D-4113-95E3-AC924DA67445}.Release|Any CPU.Build.0 = Release|Any CPU
		{DB0BB890-836C-43EB-9670-14E265AA0617}.Debug|Any CPU.ActiveCfg = Debug|Any CPU
		{DB0BB890-836C-43EB-9670-14E265AA0617}.Debug|Any CPU.Build.0 = Debug|Any CPU
		{DB0BB890-836C-43EB-9670-14E265AA0617}.Release|Any CPU.ActiveCfg = Release|Any CPU
		{DB0BB890-836C-43EB-9670-14E265AA0617}.Release|Any CPU.Build.0 = Release|Any CPU
		{9462129B-4F33-44C5-A91D-049586421D7A}.Debug|Any CPU.ActiveCfg = Debug|Any CPU
		{9462129B-4F33-44C5-A91D-049586421D7A}.Debug|Any CPU.Build.0 = Debug|Any CPU
		{9462129B-4F33-44C5-A91D-049586421D7A}.Release|Any CPU.ActiveCfg = Release|Any CPU
		{9462129B-4F33-44C5-A91D-049586421D7A}.Release|Any CPU.Build.0 = Release|Any CPU
		{C7B4E2DC-898A-49A6-8AC6-8A073BA1843F}.Debug|Any CPU.ActiveCfg = Debug|Any CPU
		{C7B4E2DC-898A-49A6-8AC6-8A073BA1843F}.Debug|Any CPU.Build.0 = Debug|Any CPU
		{C7B4E2DC-898A-49A6-8AC6-8A073BA1843F}.Release|Any CPU.ActiveCfg = Release|Any CPU
		{C7B4E2DC-898A-49A6-8AC6-8A073BA1843F}.Release|Any CPU.Build.0 = Release|Any CPU
		{45251D57-82CE-41B6-BB3F-AD04366F17C2}.Debug|Any CPU.ActiveCfg = Debug|Any CPU
		{45251D57-82CE-41B6-BB3F-AD04366F17C2}.Debug|Any CPU.Build.0 = Debug|Any CPU
		{45251D57-82CE-41B6-BB3F-AD04366F17C2}.Release|Any CPU.ActiveCfg = Release|Any CPU
		{45251D57-82CE-41B6-BB3F-AD04366F17C2}.Release|Any CPU.Build.0 = Release|Any CPU
	EndGlobalSection
	GlobalSection(SolutionProperties) = preSolution
		HideSolutionNode = FALSE
	EndGlobalSection
	GlobalSection(NestedProjects) = preSolution
		{114B1B11-C88D-4113-95E3-AC924DA67445} = {7B04EF11-9CF5-4E15-9761-E26FC6FE7479}
		{DB0BB890-836C-43EB-9670-14E265AA0617} = {A8785EFE-B318-4AB2-93D4-D73AA57AD049}
		{9462129B-4F33-44C5-A91D-049586421D7A} = {77B9BF70-67DF-49F7-96E4-9565F851E7D3}
		{C7B4E2DC-898A-49A6-8AC6-8A073BA1843F} = {2405D81F-437E-408B-915A-9123E2ACDBB8}
		{45251D57-82CE-41B6-BB3F-AD04366F17C2} = {83B4D695-054D-4913-8726-EE1FD8786507}
	EndGlobalSection
EndGlobal
